
Microsoft Visual Studio Solution File, Format Version 12.00
# Visual Studio Version 16
VisualStudioVersion = 16.0.32126.315
MinimumVisualStudioVersion = 10.0.40219.1
Project("{8BC9CEB8-8B4A-11D0-8D11-00A0C91BC942}") = "KNU_MFC_Pract", "KNU_MFC_Pract.vcxproj", "{BC039938-7F60-4901-96DE-7CA2B3D00CBE}"
EndProject
Global
	GlobalSection(SolutionConfigurationPlatforms) = preSolution
		Debug|x64 = Debug|x64
		Debug|x86 = Debug|x86
		Release|x64 = Release|x64
		Release|x86 = Release|x86
	EndGlobalSection
	GlobalSection(ProjectConfigurationPlatforms) = postSolution
		{BC039938-7F60-4901-96DE-7CA2B3D00CBE}.Debug|x64.ActiveCfg = Debug|x64
		{BC039938-7F60-4901-96DE-7CA2B3D00CBE}.Debug|x64.Build.0 = Debug|x64
		{BC039938-7F60-4901-96DE-7CA2B3D00CBE}.Debug|x86.ActiveCfg = Debug|Win32
		{BC039938-7F60-4901-96DE-7CA2B3D00CBE}.Debug|x86.Build.0 = Debug|Win32
		{BC039938-7F60-4901-96DE-7CA2B3D00CBE}.Release|x64.ActiveCfg = Release|x64
		{BC039938-7F60-4901-96DE-7CA2B3D00CBE}.Release|x64.Build.0 = Release|x64
		{BC039938-7F60-4901-96DE-7CA2B3D00CBE}.Release|x86.ActiveCfg = Release|Win32
		{BC039938-7F60-4901-96DE-7CA2B3D00CBE}.Release|x86.Build.0 = Release|Win32
	EndGlobalSection
	GlobalSection(SolutionProperties) = preSolution
		HideSolutionNode = FALSE
	EndGlobalSection
	GlobalSection(ExtensibilityGlobals) = postSolution
		SolutionGuid = {D4224A89-D664-4C8A-A5C9-CFF9BEAA0189}
	EndGlobalSection
EndGlobal
